// !$*UTF8*$!
{
	archiveVersion = 1;
	classes = {
	};
	objectVersion = 55;
	objects = {

/* Begin PBXBuildFile section */
		5D2C191E27E899030036BC44 /* AppDelegate.swift in Sources */ = {isa = PBXBuildFile; fileRef = 5D2C191D27E899030036BC44 /* AppDelegate.swift */; };
		5D2C192027E899030036BC44 /* SceneDelegate.swift in Sources */ = {isa = PBXBuildFile; fileRef = 5D2C191F27E899030036BC44 /* SceneDelegate.swift */; };
		5D2C192527E899030036BC44 /* Main.storyboard in Resources */ = {isa = PBXBuildFile; fileRef = 5D2C192327E899030036BC44 /* Main.storyboard */; };
		5D2C192727E899050036BC44 /* Assets.xcassets in Resources */ = {isa = PBXBuildFile; fileRef = 5D2C192627E899050036BC44 /* Assets.xcassets */; };
		5D2C192A27E899050036BC44 /* LaunchScreen.storyboard in Resources */ = {isa = PBXBuildFile; fileRef = 5D2C192827E899050036BC44 /* LaunchScreen.storyboard */; };
		5D2C193427E89B010036BC44 /* ComicCollectionViewCell.swift in Sources */ = {isa = PBXBuildFile; fileRef = 5D2C193327E89B010036BC44 /* ComicCollectionViewCell.swift */; };
		5D2C193627E89EC70036BC44 /* NetworkAPIManager.swift in Sources */ = {isa = PBXBuildFile; fileRef = 5D2C193527E89EC70036BC44 /* NetworkAPIManager.swift */; };
		5D2C193927E8BA030036BC44 /* DataModel.swift in Sources */ = {isa = PBXBuildFile; fileRef = 5D2C193827E8BA030036BC44 /* DataModel.swift */; };
		5D2C193B27E8D8C10036BC44 /* imageManager.swift in Sources */ = {isa = PBXBuildFile; fileRef = 5D2C193A27E8D8C10036BC44 /* imageManager.swift */; };
		5D2C194327E9F1050036BC44 /* Extentions.swift in Sources */ = {isa = PBXBuildFile; fileRef = 5D2C194227E9F1050036BC44 /* Extentions.swift */; };
		5D2C194527EA07160036BC44 /* ComicsListCollectionViewController.swift in Sources */ = {isa = PBXBuildFile; fileRef = 5D2C194427EA07160036BC44 /* ComicsListCollectionViewController.swift */; };
		5D2C194C27EA402B0036BC44 /* ComicDataWrapper.swift in Sources */ = {isa = PBXBuildFile; fileRef = 5D2C194B27EA402B0036BC44 /* ComicDataWrapper.swift */; };
		5D2C195027EA41540036BC44 /* Comic.swift in Sources */ = {isa = PBXBuildFile; fileRef = 5D2C194F27EA41540036BC44 /* Comic.swift */; };
		5D2C195227EA4D120036BC44 /* TextObject.swift in Sources */ = {isa = PBXBuildFile; fileRef = 5D2C195127EA4D120036BC44 /* TextObject.swift */; };
		5D2C195427EA4E680036BC44 /* Url.swift in Sources */ = {isa = PBXBuildFile; fileRef = 5D2C195327EA4E680036BC44 /* Url.swift */; };
		5D2C195627EA4EF00036BC44 /* SeriesSummary.swift in Sources */ = {isa = PBXBuildFile; fileRef = 5D2C195527EA4EF00036BC44 /* SeriesSummary.swift */; };
		5D2C195827EA4F830036BC44 /* ComicSummary.swift in Sources */ = {isa = PBXBuildFile; fileRef = 5D2C195727EA4F830036BC44 /* ComicSummary.swift */; };
		5D2C195A27EA4FBB0036BC44 /* ComicDate.swift in Sources */ = {isa = PBXBuildFile; fileRef = 5D2C195927EA4FBB0036BC44 /* ComicDate.swift */; };
		5D2C195C27EA50510036BC44 /* ComicPrice.swift in Sources */ = {isa = PBXBuildFile; fileRef = 5D2C195B27EA50510036BC44 /* ComicPrice.swift */; };
		5D2C195E27EA50DA0036BC44 /* ComicImage.swift in Sources */ = {isa = PBXBuildFile; fileRef = 5D2C195D27EA50DA0036BC44 /* ComicImage.swift */; };
		5D2C196027EA53E60036BC44 /* CreatorList.swift in Sources */ = {isa = PBXBuildFile; fileRef = 5D2C195F27EA53E60036BC44 /* CreatorList.swift */; };
		5D2C196227EA55370036BC44 /* CreatorSummary.swift in Sources */ = {isa = PBXBuildFile; fileRef = 5D2C196127EA55370036BC44 /* CreatorSummary.swift */; };
		5D2C196427EA56220036BC44 /* CharacterList.swift in Sources */ = {isa = PBXBuildFile; fileRef = 5D2C196327EA56210036BC44 /* CharacterList.swift */; };
		5D2C196627EB0B7A0036BC44 /* CharacterSummary.swift in Sources */ = {isa = PBXBuildFile; fileRef = 5D2C196527EB0B7A0036BC44 /* CharacterSummary.swift */; };
		5D2C196827EB0CAE0036BC44 /* StoryList.swift in Sources */ = {isa = PBXBuildFile; fileRef = 5D2C196727EB0CAE0036BC44 /* StoryList.swift */; };
		5D2C196A27EB0D0A0036BC44 /* StorySummary.swift in Sources */ = {isa = PBXBuildFile; fileRef = 5D2C196927EB0D0A0036BC44 /* StorySummary.swift */; };
		5D2C196C27EB0D770036BC44 /* EventList.swift in Sources */ = {isa = PBXBuildFile; fileRef = 5D2C196B27EB0D770036BC44 /* EventList.swift */; };
		5D2C196E27EB0DE40036BC44 /* EventSummary.swift in Sources */ = {isa = PBXBuildFile; fileRef = 5D2C196D27EB0DE40036BC44 /* EventSummary.swift */; };
		5D2C197227EB2EDC0036BC44 /* ComicViewModel.swift in Sources */ = {isa = PBXBuildFile; fileRef = 5D2C197127EB2EDC0036BC44 /* ComicViewModel.swift */; };
		5D2C197427EB62510036BC44 /* ComicCellViewModel.swift in Sources */ = {isa = PBXBuildFile; fileRef = 5D2C197327EB62510036BC44 /* ComicCellViewModel.swift */; };
		5D7D3CB127EC79F2008CCA69 /* ComicDetailsViewModel.swift in Sources */ = {isa = PBXBuildFile; fileRef = 5D7D3CB027EC79F2008CCA69 /* ComicDetailsViewModel.swift */; };
		5D7D3CB327EC7A10008CCA69 /* ComicDetailViewController.swift in Sources */ = {isa = PBXBuildFile; fileRef = 5D7D3CB227EC7A10008CCA69 /* ComicDetailViewController.swift */; };
		5D7D3CB527EDC326008CCA69 /* PhotoGallaryCollectionViewCell.swift in Sources */ = {isa = PBXBuildFile; fileRef = 5D7D3CB427EDC326008CCA69 /* PhotoGallaryCollectionViewCell.swift */; };
		5D7D3CB727EDD6FB008CCA69 /* PhotoGallaryCellViewModel.swift in Sources */ = {isa = PBXBuildFile; fileRef = 5D7D3CB627EDD6FB008CCA69 /* PhotoGallaryCellViewModel.swift */; };
		5D7D3CB927EDE779008CCA69 /* PagingControl.swift in Sources */ = {isa = PBXBuildFile; fileRef = 5D7D3CB827EDE779008CCA69 /* PagingControl.swift */; };
		5D93966327EB7DCE0006470F /* MarvelApi.swift in Sources */ = {isa = PBXBuildFile; fileRef = 5D93966227EB7DCE0006470F /* MarvelApi.swift */; };
/* End PBXBuildFile section */

/* Begin PBXFileReference section */
		5D2C191A27E899030036BC44 /* MarvelAppTest.app */ = {isa = PBXFileReference; explicitFileType = wrapper.application; includeInIndex = 0; path = MarvelAppTest.app; sourceTree = BUILT_PRODUCTS_DIR; };
		5D2C191D27E899030036BC44 /* AppDelegate.swift */ = {isa = PBXFileReference; lastKnownFileType = sourcecode.swift; path = AppDelegate.swift; sourceTree = "<group>"; };
		5D2C191F27E899030036BC44 /* SceneDelegate.swift */ = {isa = PBXFileReference; lastKnownFileType = sourcecode.swift; path = SceneDelegate.swift; sourceTree = "<group>"; };
		5D2C192427E899030036BC44 /* Base */ = {isa = PBXFileReference; lastKnownFileType = file.storyboard; name = Base; path = Base.lproj/Main.storyboard; sourceTree = "<group>"; };
		5D2C192627E899050036BC44 /* Assets.xcassets */ = {isa = PBXFileReference; lastKnownFileType = folder.assetcatalog; path = Assets.xcassets; sourceTree = "<group>"; };
		5D2C192927E899050036BC44 /* Base */ = {isa = PBXFileReference; lastKnownFileType = file.storyboard; name = Base; path = Base.lproj/LaunchScreen.storyboard; sourceTree = "<group>"; };
		5D2C192B27E899050036BC44 /* Info.plist */ = {isa = PBXFileReference; lastKnownFileType = text.plist.xml; path = Info.plist; sourceTree = "<group>"; };
		5D2C193327E89B010036BC44 /* ComicCollectionViewCell.swift */ = {isa = PBXFileReference; lastKnownFileType = sourcecode.swift; path = ComicCollectionViewCell.swift; sourceTree = "<group>"; };
		5D2C193527E89EC70036BC44 /* NetworkAPIManager.swift */ = {isa = PBXFileReference; lastKnownFileType = sourcecode.swift; path = NetworkAPIManager.swift; sourceTree = "<group>"; };
		5D2C193827E8BA030036BC44 /* DataModel.swift */ = {isa = PBXFileReference; lastKnownFileType = sourcecode.swift; path = DataModel.swift; sourceTree = "<group>"; };
		5D2C193A27E8D8C10036BC44 /* imageManager.swift */ = {isa = PBXFileReference; lastKnownFileType = sourcecode.swift; path = imageManager.swift; sourceTree = "<group>"; };
		5D2C194227E9F1050036BC44 /* Extentions.swift */ = {isa = PBXFileReference; lastKnownFileType = sourcecode.swift; path = Extentions.swift; sourceTree = "<group>"; };
		5D2C194427EA07160036BC44 /* ComicsListCollectionViewController.swift */ = {isa = PBXFileReference; lastKnownFileType = sourcecode.swift; path = ComicsListCollectionViewController.swift; sourceTree = "<group>"; };
		5D2C194B27EA402B0036BC44 /* ComicDataWrapper.swift */ = {isa = PBXFileReference; lastKnownFileType = sourcecode.swift; path = ComicDataWrapper.swift; sourceTree = "<group>"; };
		5D2C194F27EA41540036BC44 /* Comic.swift */ = {isa = PBXFileReference; lastKnownFileType = sourcecode.swift; path = Comic.swift; sourceTree = "<group>"; };
		5D2C195127EA4D120036BC44 /* TextObject.swift */ = {isa = PBXFileReference; lastKnownFileType = sourcecode.swift; path = TextObject.swift; sourceTree = "<group>"; };
		5D2C195327EA4E680036BC44 /* Url.swift */ = {isa = PBXFileReference; lastKnownFileType = sourcecode.swift; path = Url.swift; sourceTree = "<group>"; };
		5D2C195527EA4EF00036BC44 /* SeriesSummary.swift */ = {isa = PBXFileReference; lastKnownFileType = sourcecode.swift; path = SeriesSummary.swift; sourceTree = "<group>"; };
		5D2C195727EA4F830036BC44 /* ComicSummary.swift */ = {isa = PBXFileReference; lastKnownFileType = sourcecode.swift; path = ComicSummary.swift; sourceTree = "<group>"; };
		5D2C195927EA4FBB0036BC44 /* ComicDate.swift */ = {isa = PBXFileReference; lastKnownFileType = sourcecode.swift; path = ComicDate.swift; sourceTree = "<group>"; };
		5D2C195B27EA50510036BC44 /* ComicPrice.swift */ = {isa = PBXFileReference; lastKnownFileType = sourcecode.swift; path = ComicPrice.swift; sourceTree = "<group>"; };
		5D2C195D27EA50DA0036BC44 /* ComicImage.swift */ = {isa = PBXFileReference; lastKnownFileType = sourcecode.swift; path = ComicImage.swift; sourceTree = "<group>"; };
		5D2C195F27EA53E60036BC44 /* CreatorList.swift */ = {isa = PBXFileReference; lastKnownFileType = sourcecode.swift; path = CreatorList.swift; sourceTree = "<group>"; };
		5D2C196127EA55370036BC44 /* CreatorSummary.swift */ = {isa = PBXFileReference; lastKnownFileType = sourcecode.swift; path = CreatorSummary.swift; sourceTree = "<group>"; };
		5D2C196327EA56210036BC44 /* CharacterList.swift */ = {isa = PBXFileReference; lastKnownFileType = sourcecode.swift; path = CharacterList.swift; sourceTree = "<group>"; };
		5D2C196527EB0B7A0036BC44 /* CharacterSummary.swift */ = {isa = PBXFileReference; lastKnownFileType = sourcecode.swift; path = CharacterSummary.swift; sourceTree = "<group>"; };
		5D2C196727EB0CAE0036BC44 /* StoryList.swift */ = {isa = PBXFileReference; lastKnownFileType = sourcecode.swift; path = StoryList.swift; sourceTree = "<group>"; };
		5D2C196927EB0D0A0036BC44 /* StorySummary.swift */ = {isa = PBXFileReference; lastKnownFileType = sourcecode.swift; path = StorySummary.swift; sourceTree = "<group>"; };
		5D2C196B27EB0D770036BC44 /* EventList.swift */ = {isa = PBXFileReference; lastKnownFileType = sourcecode.swift; path = EventList.swift; sourceTree = "<group>"; };
		5D2C196D27EB0DE40036BC44 /* EventSummary.swift */ = {isa = PBXFileReference; lastKnownFileType = sourcecode.swift; path = EventSummary.swift; sourceTree = "<group>"; };
		5D2C197127EB2EDC0036BC44 /* ComicViewModel.swift */ = {isa = PBXFileReference; lastKnownFileType = sourcecode.swift; path = ComicViewModel.swift; sourceTree = "<group>"; };
		5D2C197327EB62510036BC44 /* ComicCellViewModel.swift */ = {isa = PBXFileReference; lastKnownFileType = sourcecode.swift; path = ComicCellViewModel.swift; sourceTree = "<group>"; };
		5D7D3CB027EC79F2008CCA69 /* ComicDetailsViewModel.swift */ = {isa = PBXFileReference; lastKnownFileType = sourcecode.swift; path = ComicDetailsViewModel.swift; sourceTree = "<group>"; };
		5D7D3CB227EC7A10008CCA69 /* ComicDetailViewController.swift */ = {isa = PBXFileReference; lastKnownFileType = sourcecode.swift; path = ComicDetailViewController.swift; sourceTree = "<group>"; };
		5D7D3CB427EDC326008CCA69 /* PhotoGallaryCollectionViewCell.swift */ = {isa = PBXFileReference; lastKnownFileType = sourcecode.swift; path = PhotoGallaryCollectionViewCell.swift; sourceTree = "<group>"; };
		5D7D3CB627EDD6FB008CCA69 /* PhotoGallaryCellViewModel.swift */ = {isa = PBXFileReference; lastKnownFileType = sourcecode.swift; path = PhotoGallaryCellViewModel.swift; sourceTree = "<group>"; };
		5D7D3CB827EDE779008CCA69 /* PagingControl.swift */ = {isa = PBXFileReference; lastKnownFileType = sourcecode.swift; path = PagingControl.swift; sourceTree = "<group>"; };
		5D93966227EB7DCE0006470F /* MarvelApi.swift */ = {isa = PBXFileReference; lastKnownFileType = sourcecode.swift; path = MarvelApi.swift; sourceTree = "<group>"; };
/* End PBXFileReference section */

/* Begin PBXFrameworksBuildPhase section */
		5D2C191727E899030036BC44 /* Frameworks */ = {
			isa = PBXFrameworksBuildPhase;
			buildActionMask = 2147483647;
			files = (
			);
			runOnlyForDeploymentPostprocessing = 0;
		};
/* End PBXFrameworksBuildPhase section */

/* Begin PBXGroup section */
		5D2C191127E899030036BC44 = {
			isa = PBXGroup;
			children = (
				5D2C191C27E899030036BC44 /* MarvelAppTest */,
				5D2C191B27E899030036BC44 /* Products */,
			);
			sourceTree = "<group>";
		};
		5D2C191B27E899030036BC44 /* Products */ = {
			isa = PBXGroup;
			children = (
				5D2C191A27E899030036BC44 /* MarvelAppTest.app */,
			);
			name = Products;
			sourceTree = "<group>";
		};
		5D2C191C27E899030036BC44 /* MarvelAppTest */ = {
			isa = PBXGroup;
			children = (
				5D2C197027EB2EB70036BC44 /* Comics */,
				5D2C196F27EB2E580036BC44 /* ComicDetails */,
				5D2C191F27E899030036BC44 /* SceneDelegate.swift */,
				5D2C191D27E899030036BC44 /* AppDelegate.swift */,
				5D2C194127E9F0E20036BC44 /* Helpers */,
				5D2C194627EA3E270036BC44 /* Models */,
				5D2C193727E89ECD0036BC44 /* Services */,
				5D2C192327E899030036BC44 /* Main.storyboard */,
				5D2C192827E899050036BC44 /* LaunchScreen.storyboard */,
				5D2C192627E899050036BC44 /* Assets.xcassets */,
				5D2C192B27E899050036BC44 /* Info.plist */,
			);
			path = MarvelAppTest;
			sourceTree = "<group>";
		};
		5D2C193727E89ECD0036BC44 /* Services */ = {
			isa = PBXGroup;
			children = (
				5D2C193A27E8D8C10036BC44 /* imageManager.swift */,
				5D93966227EB7DCE0006470F /* MarvelApi.swift */,
				5D2C193527E89EC70036BC44 /* NetworkAPIManager.swift */,
			);
			path = Services;
			sourceTree = "<group>";
		};
		5D2C194127E9F0E20036BC44 /* Helpers */ = {
			isa = PBXGroup;
			children = (
				5D2C194227E9F1050036BC44 /* Extentions.swift */,
				5D7D3CB827EDE779008CCA69 /* PagingControl.swift */,
			);
			path = Helpers;
			sourceTree = "<group>";
		};
		5D2C194627EA3E270036BC44 /* Models */ = {
			isa = PBXGroup;
			children = (
				5D2C193827E8BA030036BC44 /* DataModel.swift */,
				5D2C194B27EA402B0036BC44 /* ComicDataWrapper.swift */,
				5D2C194F27EA41540036BC44 /* Comic.swift */,
				5D2C195127EA4D120036BC44 /* TextObject.swift */,
				5D2C195327EA4E680036BC44 /* Url.swift */,
				5D2C195527EA4EF00036BC44 /* SeriesSummary.swift */,
				5D2C195727EA4F830036BC44 /* ComicSummary.swift */,
				5D2C195927EA4FBB0036BC44 /* ComicDate.swift */,
				5D2C195B27EA50510036BC44 /* ComicPrice.swift */,
				5D2C195D27EA50DA0036BC44 /* ComicImage.swift */,
				5D2C195F27EA53E60036BC44 /* CreatorList.swift */,
				5D2C196127EA55370036BC44 /* CreatorSummary.swift */,
				5D2C196327EA56210036BC44 /* CharacterList.swift */,
				5D2C196527EB0B7A0036BC44 /* CharacterSummary.swift */,
				5D2C196727EB0CAE0036BC44 /* StoryList.swift */,
				5D2C196927EB0D0A0036BC44 /* StorySummary.swift */,
				5D2C196B27EB0D770036BC44 /* EventList.swift */,
				5D2C196D27EB0DE40036BC44 /* EventSummary.swift */,
			);
			path = Models;
			sourceTree = "<group>";
		};
		5D2C196F27EB2E580036BC44 /* ComicDetails */ = {
			isa = PBXGroup;
			children = (
				5D7D3CB027EC79F2008CCA69 /* ComicDetailsViewModel.swift */,
				5D7D3CB227EC7A10008CCA69 /* ComicDetailViewController.swift */,
				5D7D3CB427EDC326008CCA69 /* PhotoGallaryCollectionViewCell.swift */,
				5D7D3CB627EDD6FB008CCA69 /* PhotoGallaryCellViewModel.swift */,
			);
			path = ComicDetails;
			sourceTree = "<group>";
		};
		5D2C197027EB2EB70036BC44 /* Comics */ = {
			isa = PBXGroup;
			children = (
				5D2C197127EB2EDC0036BC44 /* ComicViewModel.swift */,
				5D2C197327EB62510036BC44 /* ComicCellViewModel.swift */,
				5D2C194427EA07160036BC44 /* ComicsListCollectionViewController.swift */,
				5D2C193327E89B010036BC44 /* ComicCollectionViewCell.swift */,
			);
			path = Comics;
			sourceTree = "<group>";
		};
/* End PBXGroup section */

/* Begin PBXNativeTarget section */
		5D2C191927E899030036BC44 /* MarvelAppTest */ = {
			isa = PBXNativeTarget;
			buildConfigurationList = 5D2C192E27E899050036BC44 /* Build configuration list for PBXNativeTarget "MarvelAppTest" */;
			buildPhases = (
				5D2C191627E899030036BC44 /* Sources */,
				5D2C191727E899030036BC44 /* Frameworks */,
				5D2C191827E899030036BC44 /* Resources */,
			);
			buildRules = (
			);
			dependencies = (
			);
			name = MarvelAppTest;
			productName = MarvelAppTest;
			productReference = 5D2C191A27E899030036BC44 /* MarvelAppTest.app */;
			productType = "com.apple.product-type.application";
		};
/* End PBXNativeTarget section */

/* Begin PBXProject section */
		5D2C191227E899030036BC44 /* Project object */ = {
			isa = PBXProject;
			attributes = {
				BuildIndependentTargetsInParallel = 1;
				LastSwiftUpdateCheck = 1300;
				LastUpgradeCheck = 1300;
				TargetAttributes = {
					5D2C191927E899030036BC44 = {
						CreatedOnToolsVersion = 13.0;
					};
				};
			};
			buildConfigurationList = 5D2C191527E899030036BC44 /* Build configuration list for PBXProject "MarvelAppTest" */;
			compatibilityVersion = "Xcode 13.0";
			developmentRegion = en;
			hasScannedForEncodings = 0;
			knownRegions = (
				en,
				Base,
			);
			mainGroup = 5D2C191127E899030036BC44;
			productRefGroup = 5D2C191B27E899030036BC44 /* Products */;
			projectDirPath = "";
			projectRoot = "";
			targets = (
				5D2C191927E899030036BC44 /* MarvelAppTest */,
			);
		};
/* End PBXProject section */

/* Begin PBXResourcesBuildPhase section */
		5D2C191827E899030036BC44 /* Resources */ = {
			isa = PBXResourcesBuildPhase;
			buildActionMask = 2147483647;
			files = (
				5D2C192A27E899050036BC44 /* LaunchScreen.storyboard in Resources */,
				5D2C192727E899050036BC44 /* Assets.xcassets in Resources */,
				5D2C192527E899030036BC44 /* Main.storyboard in Resources */,
			);
			runOnlyForDeploymentPostprocessing = 0;
		};
/* End PBXResourcesBuildPhase section */

/* Begin PBXSourcesBuildPhase section */
		5D2C191627E899030036BC44 /* Sources */ = {
			isa = PBXSourcesBuildPhase;
			buildActionMask = 2147483647;
			files = (
				5D2C196C27EB0D770036BC44 /* EventList.swift in Sources */,
				5D2C193427E89B010036BC44 /* ComicCollectionViewCell.swift in Sources */,
				5D2C196827EB0CAE0036BC44 /* StoryList.swift in Sources */,
				5D2C195627EA4EF00036BC44 /* SeriesSummary.swift in Sources */,
				5D7D3CB527EDC326008CCA69 /* PhotoGallaryCollectionViewCell.swift in Sources */,
				5D2C196627EB0B7A0036BC44 /* CharacterSummary.swift in Sources */,
				5D2C196A27EB0D0A0036BC44 /* StorySummary.swift in Sources */,
				5D2C197427EB62510036BC44 /* ComicCellViewModel.swift in Sources */,
				5D2C197227EB2EDC0036BC44 /* ComicViewModel.swift in Sources */,
				5D2C196227EA55370036BC44 /* CreatorSummary.swift in Sources */,
				5D2C195227EA4D120036BC44 /* TextObject.swift in Sources */,
				5D2C194327E9F1050036BC44 /* Extentions.swift in Sources */,
				5D2C191E27E899030036BC44 /* AppDelegate.swift in Sources */,
				5D2C192027E899030036BC44 /* SceneDelegate.swift in Sources */,
				5D7D3CB327EC7A10008CCA69 /* ComicDetailViewController.swift in Sources */,
				5D2C195E27EA50DA0036BC44 /* ComicImage.swift in Sources */,
				5D2C195427EA4E680036BC44 /* Url.swift in Sources */,
				5D2C196E27EB0DE40036BC44 /* EventSummary.swift in Sources */,
				5D2C195C27EA50510036BC44 /* ComicPrice.swift in Sources */,
				5D2C195A27EA4FBB0036BC44 /* ComicDate.swift in Sources */,
				5D2C194C27EA402B0036BC44 /* ComicDataWrapper.swift in Sources */,
				5D93966327EB7DCE0006470F /* MarvelApi.swift in Sources */,
				5D7D3CB127EC79F2008CCA69 /* ComicDetailsViewModel.swift in Sources */,
				5D2C196427EA56220036BC44 /* CharacterList.swift in Sources */,
				5D2C196027EA53E60036BC44 /* CreatorList.swift in Sources */,
				5D2C193B27E8D8C10036BC44 /* imageManager.swift in Sources */,
				5D2C195027EA41540036BC44 /* Comic.swift in Sources */,
				5D2C193627E89EC70036BC44 /* NetworkAPIManager.swift in Sources */,
				5D7D3CB927EDE779008CCA69 /* PagingControl.swift in Sources */,
				5D7D3CB727EDD6FB008CCA69 /* PhotoGallaryCellViewModel.swift in Sources */,
				5D2C194527EA07160036BC44 /* ComicsListCollectionViewController.swift in Sources */,
				5D2C195827EA4F830036BC44 /* ComicSummary.swift in Sources */,
				5D2C193927E8BA030036BC44 /* DataModel.swift in Sources */,
			);
			runOnlyForDeploymentPostprocessing = 0;
		};
/* End PBXSourcesBuildPhase section */

/* Begin PBXVariantGroup section */
		5D2C192327E899030036BC44 /* Main.storyboard */ = {
			isa = PBXVariantGroup;
			children = (
				5D2C192427E899030036BC44 /* Base */,
			);
			name = Main.storyboard;
			sourceTree = "<group>";
		};
		5D2C192827E899050036BC44 /* LaunchScreen.storyboard */ = {
			isa = PBXVariantGroup;
			children = (
				5D2C192927E899050036BC44 /* Base */,
			);
			name = LaunchScreen.storyboard;
			sourceTree = "<group>";
		};
/* End PBXVariantGroup section */

/* Begin XCBuildConfiguration section */
		5D2C192C27E899050036BC44 /* Debug */ = {
			isa = XCBuildConfiguration;
			buildSettings = {
				ALWAYS_SEARCH_USER_PATHS = NO;
				CLANG_ANALYZER_NONNULL = YES;
				CLANG_ANALYZER_NUMBER_OBJECT_CONVERSION = YES_AGGRESSIVE;
				CLANG_CXX_LANGUAGE_STANDARD = "gnu++17";
				CLANG_CXX_LIBRARY = "libc++";
				CLANG_ENABLE_MODULES = YES;
				CLANG_ENABLE_OBJC_ARC = YES;
				CLANG_ENABLE_OBJC_WEAK = YES;
				CLANG_WARN_BLOCK_CAPTURE_AUTORELEASING = YES;
				CLANG_WARN_BOOL_CONVERSION = YES;
				CLANG_WARN_COMMA = YES;
				CLANG_WARN_CONSTANT_CONVERSION = YES;
				CLANG_WARN_DEPRECATED_OBJC_IMPLEMENTATIONS = YES;
				CLANG_WARN_DIRECT_OBJC_ISA_USAGE = YES_ERROR;
				CLANG_WARN_DOCUMENTATION_COMMENTS = YES;
				CLANG_WARN_EMPTY_BODY = YES;
				CLANG_WARN_ENUM_CONVERSION = YES;
				CLANG_WARN_INFINITE_RECURSION = YES;
				CLANG_WARN_INT_CONVERSION = YES;
				CLANG_WARN_NON_LITERAL_NULL_CONVERSION = YES;
				CLANG_WARN_OBJC_IMPLICIT_RETAIN_SELF = YES;
				CLANG_WARN_OBJC_LITERAL_CONVERSION = YES;
				CLANG_WARN_OBJC_ROOT_CLASS = YES_ERROR;
				CLANG_WARN_QUOTED_INCLUDE_IN_FRAMEWORK_HEADER = YES;
				CLANG_WARN_RANGE_LOOP_ANALYSIS = YES;
				CLANG_WARN_STRICT_PROTOTYPES = YES;
				CLANG_WARN_SUSPICIOUS_MOVE = YES;
				CLANG_WARN_UNGUARDED_AVAILABILITY = YES_AGGRESSIVE;
				CLANG_WARN_UNREACHABLE_CODE = YES;
				CLANG_WARN__DUPLICATE_METHOD_MATCH = YES;
				COPY_PHASE_STRIP = NO;
				DEBUG_INFORMATION_FORMAT = dwarf;
				ENABLE_STRICT_OBJC_MSGSEND = YES;
				ENABLE_TESTABILITY = YES;
				GCC_C_LANGUAGE_STANDARD = gnu11;
				GCC_DYNAMIC_NO_PIC = NO;
				GCC_NO_COMMON_BLOCKS = YES;
				GCC_OPTIMIZATION_LEVEL = 0;
				GCC_PREPROCESSOR_DEFINITIONS = (
					"DEBUG=1",
					"$(inherited)",
				);
				GCC_WARN_64_TO_32_BIT_CONVERSION = YES;
				GCC_WARN_ABOUT_RETURN_TYPE = YES_ERROR;
				GCC_WARN_UNDECLARED_SELECTOR = YES;
				GCC_WARN_UNINITIALIZED_AUTOS = YES_AGGRESSIVE;
				GCC_WARN_UNUSED_FUNCTION = YES;
				GCC_WARN_UNUSED_VARIABLE = YES;
				IPHONEOS_DEPLOYMENT_TARGET = 15.0;
				MTL_ENABLE_DEBUG_INFO = INCLUDE_SOURCE;
				MTL_FAST_MATH = YES;
				ONLY_ACTIVE_ARCH = YES;
				SDKROOT = iphoneos;
				SWIFT_ACTIVE_COMPILATION_CONDITIONS = DEBUG;
				SWIFT_OPTIMIZATION_LEVEL = "-Onone";
			};
			name = Debug;
		};
		5D2C192D27E899050036BC44 /* Release */ = {
			isa = XCBuildConfiguration;
			buildSettings = {
				ALWAYS_SEARCH_USER_PATHS = NO;
				CLANG_ANALYZER_NONNULL = YES;
				CLANG_ANALYZER_NUMBER_OBJECT_CONVERSION = YES_AGGRESSIVE;
				CLANG_CXX_LANGUAGE_STANDARD = "gnu++17";
				CLANG_CXX_LIBRARY = "libc++";
				CLANG_ENABLE_MODULES = YES;
				CLANG_ENABLE_OBJC_ARC = YES;
				CLANG_ENABLE_OBJC_WEAK = YES;
				CLANG_WARN_BLOCK_CAPTURE_AUTORELEASING = YES;
				CLANG_WARN_BOOL_CONVERSION = YES;
				CLANG_WARN_COMMA = YES;
				CLANG_WARN_CONSTANT_CONVERSION = YES;
				CLANG_WARN_DEPRECATED_OBJC_IMPLEMENTATIONS = YES;
				CLANG_WARN_DIRECT_OBJC_ISA_USAGE = YES_ERROR;
				CLANG_WARN_DOCUMENTATION_COMMENTS = YES;
				CLANG_WARN_EMPTY_BODY = YES;
				CLANG_WARN_ENUM_CONVERSION = YES;
				CLANG_WARN_INFINITE_RECURSION = YES;
				CLANG_WARN_INT_CONVERSION = YES;
				CLANG_WARN_NON_LITERAL_NULL_CONVERSION = YES;
				CLANG_WARN_OBJC_IMPLICIT_RETAIN_SELF = YES;
				CLANG_WARN_OBJC_LITERAL_CONVERSION = YES;
				CLANG_WARN_OBJC_ROOT_CLASS = YES_ERROR;
				CLANG_WARN_QUOTED_INCLUDE_IN_FRAMEWORK_HEADER = YES;
				CLANG_WARN_RANGE_LOOP_ANALYSIS = YES;
				CLANG_WARN_STRICT_PROTOTYPES = YES;
				CLANG_WARN_SUSPICIOUS_MOVE = YES;
				CLANG_WARN_UNGUARDED_AVAILABILITY = YES_AGGRESSIVE;
				CLANG_WARN_UNREACHABLE_CODE = YES;
				CLANG_WARN__DUPLICATE_METHOD_MATCH = YES;
				COPY_PHASE_STRIP = NO;
				DEBUG_INFORMATION_FORMAT = "dwarf-with-dsym";
				ENABLE_NS_ASSERTIONS = NO;
				ENABLE_STRICT_OBJC_MSGSEND = YES;
				GCC_C_LANGUAGE_STANDARD = gnu11;
				GCC_NO_COMMON_BLOCKS = YES;
				GCC_WARN_64_TO_32_BIT_CONVERSION = YES;
				GCC_WARN_ABOUT_RETURN_TYPE = YES_ERROR;
				GCC_WARN_UNDECLARED_SELECTOR = YES;
				GCC_WARN_UNINITIALIZED_AUTOS = YES_AGGRESSIVE;
				GCC_WARN_UNUSED_FUNCTION = YES;
				GCC_WARN_UNUSED_VARIABLE = YES;
				IPHONEOS_DEPLOYMENT_TARGET = 15.0;
				MTL_ENABLE_DEBUG_INFO = NO;
				MTL_FAST_MATH = YES;
				SDKROOT = iphoneos;
				SWIFT_COMPILATION_MODE = wholemodule;
				SWIFT_OPTIMIZATION_LEVEL = "-O";
				VALIDATE_PRODUCT = YES;
			};
			name = Release;
		};
		5D2C192F27E899050036BC44 /* Debug */ = {
			isa = XCBuildConfiguration;
			buildSettings = {
				ASSETCATALOG_COMPILER_APPICON_NAME = AppIcon;
				ASSETCATALOG_COMPILER_GLOBAL_ACCENT_COLOR_NAME = AccentColor;
				CODE_SIGN_STYLE = Automatic;
				CURRENT_PROJECT_VERSION = 1;
				DEVELOPMENT_TEAM = GQ68AAHFB4;
				GENERATE_INFOPLIST_FILE = YES;
				INFOPLIST_FILE = MarvelAppTest/Info.plist;
				INFOPLIST_KEY_UIApplicationSupportsIndirectInputEvents = YES;
				INFOPLIST_KEY_UILaunchStoryboardName = LaunchScreen;
				INFOPLIST_KEY_UIMainStoryboardFile = Main;
				INFOPLIST_KEY_UISupportedInterfaceOrientations_iPad = "UIInterfaceOrientationPortrait UIInterfaceOrientationPortraitUpsideDown UIInterfaceOrientationLandscapeLeft UIInterfaceOrientationLandscapeRight";
				INFOPLIST_KEY_UISupportedInterfaceOrientations_iPhone = "UIInterfaceOrientationPortrait UIInterfaceOrientationLandscapeLeft UIInterfaceOrientationLandscapeRight";
				LD_RUNPATH_SEARCH_PATHS = (
					"$(inherited)",
					"@executable_path/Frameworks",
				);
				MARKETING_VERSION = 1.0;
				PRODUCT_BUNDLE_IDENTIFIER = "Tatiana-Dmitrieva.MarvelAppTest";
				PRODUCT_NAME = "$(TARGET_NAME)";
				SWIFT_EMIT_LOC_STRINGS = YES;
				SWIFT_VERSION = 5.0;
				TARGETED_DEVICE_FAMILY = "1,2";
			};
			name = Debug;
		};
		5D2C193027E899050036BC44 /* Release */ = {
			isa = XCBuildConfiguration;
			buildSettings = {
				ASSETCATALOG_COMPILER_APPICON_NAME = AppIcon;
				ASSETCATALOG_COMPILER_GLOBAL_ACCENT_COLOR_NAME = AccentColor;
				CODE_SIGN_STYLE = Automatic;
				CURRENT_PROJECT_VERSION = 1;
				DEVELOPMENT_TEAM = GQ68AAHFB4;
				GENERATE_INFOPLIST_FILE = YES;
				INFOPLIST_FILE = MarvelAppTest/Info.plist;
				INFOPLIST_KEY_UIApplicationSupportsIndirectInputEvents = YES;
				INFOPLIST_KEY_UILaunchStoryboardName = LaunchScreen;
				INFOPLIST_KEY_UIMainStoryboardFile = Main;
				INFOPLIST_KEY_UISupportedInterfaceOrientations_iPad = "UIInterfaceOrientationPortrait UIInterfaceOrientationPortraitUpsideDown UIInterfaceOrientationLandscapeLeft UIInterfaceOrientationLandscapeRight";
				INFOPLIST_KEY_UISupportedInterfaceOrientations_iPhone = "UIInterfaceOrientationPortrait UIInterfaceOrientationLandscapeLeft UIInterfaceOrientationLandscapeRight";
				LD_RUNPATH_SEARCH_PATHS = (
					"$(inherited)",
					"@executable_path/Frameworks",
				);
				MARKETING_VERSION = 1.0;
				PRODUCT_BUNDLE_IDENTIFIER = "Tatiana-Dmitrieva.MarvelAppTest";
				PRODUCT_NAME = "$(TARGET_NAME)";
				SWIFT_EMIT_LOC_STRINGS = YES;
				SWIFT_VERSION = 5.0;
				TARGETED_DEVICE_FAMILY = "1,2";
			};
			name = Release;
		};
/* End XCBuildConfiguration section */

/* Begin XCConfigurationList section */
		5D2C191527E899030036BC44 /* Build configuration list for PBXProject "MarvelAppTest" */ = {
			isa = XCConfigurationList;
			buildConfigurations = (
				5D2C192C27E899050036BC44 /* Debug */,
				5D2C192D27E899050036BC44 /* Release */,
			);
			defaultConfigurationIsVisible = 0;
			defaultConfigurationName = Release;
		};
		5D2C192E27E899050036BC44 /* Build configuration list for PBXNativeTarget "MarvelAppTest" */ = {
			isa = XCConfigurationList;
			buildConfigurations = (
				5D2C192F27E899050036BC44 /* Debug */,
				5D2C193027E899050036BC44 /* Release */,
			);
			defaultConfigurationIsVisible = 0;
			defaultConfigurationName = Release;
		};
/* End XCConfigurationList section */
	};
	rootObject = 5D2C191227E899030036BC44 /* Project object */;
}
